{
  "name": "functions",
  "lockfileVersion": 1,
  "dependencies": {
    "@types/express": {
      "version": "4.0.37",
      "resolved": "https://registry.npmjs.org/@types/express/-/express-4.0.37.tgz",
      "integrity": "sha512-tIULTLzQpFFs5/PKnFIAFOsXQxss76glppbVKR3/jddPK26SBsD5HF5grn5G2jOGtpRWSBvYmDYoduVv+3wOXg=="
    },
    "@types/express-serve-static-core": {
      "version": "4.0.50",
      "resolved": "https://registry.npmjs.org/@types/express-serve-static-core/-/express-serve-static-core-4.0.50.tgz",
      "integrity": "sha512-0n1YgeUfZEIaMMu82LuOFIFDyMtFtcEP0yjQKihJlNjpCiygDVri7C26DC7jaUOwFXL6ZU2x4tGtNYNEgeO3tw=="
    },
    "@types/jsonwebtoken": {
      "version": "7.2.3",
      "resolved": "https://registry.npmjs.org/@types/jsonwebtoken/-/jsonwebtoken-7.2.3.tgz",
      "integrity": "sha512-cVhxZfVCyTZd1P+2a+xXSR9to7hZTulNRLLCQMVfAevUqx2Ee+EgsiD/7pX8qvdXWP3nWgSoTjKRLMrIpdPVjQ=="
    },
    "@types/lodash": {
      "version": "4.14.74",
      "resolved": "https://registry.npmjs.org/@types/lodash/-/lodash-4.14.74.tgz",
      "integrity": "sha512-BZknw3E/z3JmCLqQVANcR17okqVTPZdlxvcIz0fJiJVLUCbSH1hK3zs9r634PVSmrzAxN+n/fxlVRiYoArdOIQ=="
    },
    "@types/mime": {
      "version": "1.3.1",
      "resolved": "https://registry.npmjs.org/@types/mime/-/mime-1.3.1.tgz",
      "integrity": "sha512-rek8twk9C58gHYqIrUlJsx8NQMhlxqHzln9Z9ODqiNgv3/s+ZwIrfr+djqzsnVM12xe9hL98iJ20lj2RvCBv6A=="
    },
    "@types/node": {
      "version": "8.0.26",
      "resolved": "https://registry.npmjs.org/@types/node/-/node-8.0.26.tgz",
      "integrity": "sha512-wbKN0MB4XsjdnSE04HiCzLoBDirGCM6zXrqavSj44nZnPFYpnrTF64E9O6Xmf0ca/IuKK/BHUcXwMiwk92gW6Q=="
    },
    "@types/serve-static": {
      "version": "1.7.32",
      "resolved": "https://registry.npmjs.org/@types/serve-static/-/serve-static-1.7.32.tgz",
      "integrity": "sha512-WpI0g7M1FiOmJ/a97Qrjafq2I938tjAZ3hZr9O7sXyA6oUhH3bqUNZIt7r1KZg8TQAKxcvxt6JjQ5XuLfIBFvg=="
    },
    "@types/sha1": {
      "version": "1.1.0",
      "resolved": "https://registry.npmjs.org/@types/sha1/-/sha1-1.1.0.tgz",
      "integrity": "sha1-Rh6xiQbSXo0HxGeKDtT5ygfkbdk="
    },
    "accepts": {
      "version": "1.3.4",
      "resolved": "https://registry.npmjs.org/accepts/-/accepts-1.3.4.tgz",
      "integrity": "sha1-hiRnWMfdbSGmR0/whKR0DsBesh8="
    },
    "array-flatten": {
      "version": "1.1.1",
      "resolved": "https://registry.npmjs.org/array-flatten/-/array-flatten-1.1.1.tgz",
      "integrity": "sha1-ml9pkFGx5wczKPKgCJaLZOopVdI="
    },
    "base64url": {
      "version": "2.0.0",
      "resolved": "https://registry.npmjs.org/base64url/-/base64url-2.0.0.tgz",
      "integrity": "sha1-6sFuA+oUOO/5Qj1puqNiYu0fcLs="
    },
    "buffer-equal-constant-time": {
      "version": "1.0.1",
      "resolved": "https://registry.npmjs.org/buffer-equal-constant-time/-/buffer-equal-constant-time-1.0.1.tgz",
      "integrity": "sha1-+OcRMvf/5uAaXJaXpMbz5I1cyBk="
    },
    "charenc": {
      "version": "0.0.2",
      "resolved": "https://registry.npmjs.org/charenc/-/charenc-0.0.2.tgz",
      "integrity": "sha1-wKHS86cJLgN3S/qD8UwPxXkKhmc="
    },
    "content-disposition": {
      "version": "0.5.2",
      "resolved": "https://registry.npmjs.org/content-disposition/-/content-disposition-0.5.2.tgz",
      "integrity": "sha1-DPaLud318r55YcOoUXjLhdunjLQ="
    },
    "content-type": {
      "version": "1.0.2",
      "resolved": "https://registry.npmjs.org/content-type/-/content-type-1.0.2.tgz",
      "integrity": "sha1-t9ETrueo3Se9IRM8TcJSnfFyHu0="
    },
    "cookie": {
      "version": "0.3.1",
      "resolved": "https://registry.npmjs.org/cookie/-/cookie-0.3.1.tgz",
      "integrity": "sha1-5+Ch+e9DtMi6klxcWpboBtFoc7s="
    },
    "cookie-signature": {
      "version": "1.0.6",
      "resolved": "https://registry.npmjs.org/cookie-signature/-/cookie-signature-1.0.6.tgz",
      "integrity": "sha1-4wOogrNCzD7oylE6eZmXNNqzriw="
    },
    "cors": {
      "version": "2.8.4",
      "resolved": "https://registry.npmjs.org/cors/-/cors-2.8.4.tgz",
      "integrity": "sha1-K9OB8usgECAQXNUOpZ2mMJBpRoY="
    },
    "crypt": {
      "version": "0.0.2",
      "resolved": "https://registry.npmjs.org/crypt/-/crypt-0.0.2.tgz",
      "integrity": "sha1-iNf/fsDfuG9xPch7u0LQRNPmxBs="
    },
    "debug": {
      "version": "2.6.8",
      "resolved": "https://registry.npmjs.org/debug/-/debug-2.6.8.tgz",
      "integrity": "sha1-5zFTHKLt4n0YgiJCfaF4IdaP9Pw="
    },
    "depd": {
      "version": "1.1.1",
      "resolved": "https://registry.npmjs.org/depd/-/depd-1.1.1.tgz",
      "integrity": "sha1-V4O04cRZ8G+lyif5kfPQbnoxA1k="
    },
    "destroy": {
      "version": "1.0.4",
      "resolved": "https://registry.npmjs.org/destroy/-/destroy-1.0.4.tgz",
      "integrity": "sha1-l4hXRCxEdJ5CBmE+N5RiBYJqvYA="
    },
    "ecdsa-sig-formatter": {
      "version": "1.0.9",
      "resolved": "https://registry.npmjs.org/ecdsa-sig-formatter/-/ecdsa-sig-formatter-1.0.9.tgz",
      "integrity": "sha1-S8kmJ07Dtau1AW5+HWCSGsJisqE="
    },
    "ee-first": {
      "version": "1.1.1",
      "resolved": "https://registry.npmjs.org/ee-first/-/ee-first-1.1.1.tgz",
      "integrity": "sha1-WQxhFWsK4vTwJVcyoViyZrxWsh0="
    },
    "encodeurl": {
      "version": "1.0.1",
      "resolved": "https://registry.npmjs.org/encodeurl/-/encodeurl-1.0.1.tgz",
      "integrity": "sha1-eePVhlU0aQn+bw9Fpd5oEDspTSA="
    },
    "escape-html": {
      "version": "1.0.3",
      "resolved": "https://registry.npmjs.org/escape-html/-/escape-html-1.0.3.tgz",
      "integrity": "sha1-Aljq5NPQwJdN4cFpGI7wBR0dGYg="
    },
    "etag": {
      "version": "1.8.0",
      "resolved": "https://registry.npmjs.org/etag/-/etag-1.8.0.tgz",
      "integrity": "sha1-b2Ma7zNtbEY2K1F2QETOIWvjwFE="
    },
    "express": {
      "version": "4.15.4",
      "resolved": "https://registry.npmjs.org/express/-/express-4.15.4.tgz",
      "integrity": "sha1-Ay4iU0ic+PzgJma+yj0R7XotrtE="
    },
    "finalhandler": {
      "version": "1.0.4",
      "resolved": "https://registry.npmjs.org/finalhandler/-/finalhandler-1.0.4.tgz",
      "integrity": "sha512-16l/r8RgzlXKmFOhZpHBztvye+lAhC5SU7hXavnerC9UfZqZxxXl3BzL8MhffPT3kF61lj9Oav2LKEzh0ei7tg=="
    },
    "firebase-admin": {
      "version": "5.2.1",
      "resolved": "https://registry.npmjs.org/firebase-admin/-/firebase-admin-5.2.1.tgz",
      "integrity": "sha1-HHMt3cjBzo4C12xoLOosVQ7WWkc=",
      "dependencies": {
        "@google-cloud/common": {
          "version": "https://registry.npmjs.org/@google-cloud/common/-/common-0.13.4.tgz",
          "integrity": "sha1-dbt/YJMc/J2U2gtdQIlQ0Lvw6Xk="
        },
        "@google-cloud/storage": {
          "version": "https://registry.npmjs.org/@google-cloud/storage/-/storage-1.2.1.tgz",
          "integrity": "sha1-oPLiCHG4YvDqZKkKxI/AiEXPlQU="
        },
        "@types/jsonwebtoken": {
          "version": "https://registry.npmjs.org/@types/jsonwebtoken/-/jsonwebtoken-7.2.3.tgz",
          "integrity": "sha1-SDyPOZReHm0wjcxR/UrspSCNTco="
        },
        "@types/node": {
          "version": "https://registry.npmjs.org/@types/node/-/node-8.0.22.tgz",
          "integrity": "sha1-nGv+4fRfXplS/2tIfmV+zKSMd3c="
        },
        "ajv": {
          "version": "https://registry.npmjs.org/ajv/-/ajv-4.11.8.tgz",
          "integrity": "sha1-gv+wKynmYq5TvcIK8VlHcGc5xTY="
        },
        "array-uniq": {
          "version": "https://registry.npmjs.org/array-uniq/-/array-uniq-1.0.3.tgz",
          "integrity": "sha1-r2rId6Jcx/dOBYiUdThY39sk/bY="
        },
        "arrify": {
          "version": "https://registry.npmjs.org/arrify/-/arrify-1.0.1.tgz",
          "integrity": "sha1-iYUI2iIm84DfkEcoRWhJwVAaSw0="
        },
        "asn1": {
          "version": "https://registry.npmjs.org/asn1/-/asn1-0.2.3.tgz",
          "integrity": "sha1-2sh4dxPJlmhJ/IGAd36+nB3fO4Y="
        },
        "assert-plus": {
          "version": "https://registry.npmjs.org/assert-plus/-/assert-plus-0.2.0.tgz",
          "integrity": "sha1-104bh+ev/A24qttwIfP+SBAasjQ="
        },
        "async": {
          "version": "https://registry.npmjs.org/async/-/async-2.5.0.tgz",
          "integrity": "sha1-hDGQ/WtzV6C54clW7d3V7IRitU0="
        },
        "asynckit": {
          "version": "https://registry.npmjs.org/asynckit/-/asynckit-0.4.0.tgz",
          "integrity": "sha1-x57Zf380y48robyXkLzDZkdLS3k="
        },
        "aws-sign2": {
          "version": "https://registry.npmjs.org/aws-sign2/-/aws-sign2-0.6.0.tgz",
          "integrity": "sha1-FDQt0428yU0OW4fXY81jYSwOeU8="
        },
        "aws4": {
          "version": "https://registry.npmjs.org/aws4/-/aws4-1.6.0.tgz",
          "integrity": "sha1-g+9cqGCysy5KDe7e6MdxudtXRx4="
        },
        "base64url": {
          "version": "https://registry.npmjs.org/base64url/-/base64url-2.0.0.tgz",
          "integrity": "sha1-6sFuA+oUOO/5Qj1puqNiYu0fcLs="
        },
        "bcrypt-pbkdf": {
          "version": "https://registry.npmjs.org/bcrypt-pbkdf/-/bcrypt-pbkdf-1.0.1.tgz",
          "integrity": "sha1-Y7xdy2EzG5K8Bf1SiVPDNGKgb40=",
          "optional": true
        },
        "boom": {
          "version": "https://registry.npmjs.org/boom/-/boom-2.10.1.tgz",
          "integrity": "sha1-OciRjO/1eZ+D+UkqhI9iWt0Mdm8="
        },
        "buffer-equal": {
          "version": "https://registry.npmjs.org/buffer-equal/-/buffer-equal-1.0.0.tgz",
          "integrity": "sha1-WWFrSYME1Var1GaWayLu2j7KX74="
        },
        "buffer-equal-constant-time": {
          "version": "https://registry.npmjs.org/buffer-equal-constant-time/-/buffer-equal-constant-time-1.0.1.tgz",
          "integrity": "sha1-+OcRMvf/5uAaXJaXpMbz5I1cyBk="
        },
        "capture-stack-trace": {
          "version": "https://registry.npmjs.org/capture-stack-trace/-/capture-stack-trace-1.0.0.tgz",
          "integrity": "sha1-Sm+gc5nCa7pH8LJJa00PtAjFVQ0="
        },
        "caseless": {
          "version": "https://registry.npmjs.org/caseless/-/caseless-0.12.0.tgz",
          "integrity": "sha1-G2gcIf+EAzyCZUMJBolCDRhxUdw="
        },
        "co": {
          "version": "https://registry.npmjs.org/co/-/co-4.6.0.tgz",
          "integrity": "sha1-bqa989hTrlTMuOR7+gvz+QMfsYQ="
        },
        "combined-stream": {
          "version": "https://registry.npmjs.org/combined-stream/-/combined-stream-1.0.5.tgz",
          "integrity": "sha1-k4NwpXtKUd6ix3wV1cX9+JUWQAk="
        },
        "concat-stream": {
          "version": "https://registry.npmjs.org/concat-stream/-/concat-stream-1.6.0.tgz",
          "integrity": "sha1-CqxmL9Ur54lk1VMvaUeE5wEQrPc="
        },
        "configstore": {
          "version": "https://registry.npmjs.org/configstore/-/configstore-3.1.1.tgz",
          "integrity": "sha1-CU7mYquD+tmRdnjeEU+q6o/NypA="
        },
        "core-util-is": {
          "version": "https://registry.npmjs.org/core-util-is/-/core-util-is-1.0.2.tgz",
          "integrity": "sha1-tf1UIgqivFq1eqtxQMlAdUUDwac="
        },
        "create-error-class": {
          "version": "https://registry.npmjs.org/create-error-class/-/create-error-class-3.0.2.tgz",
          "integrity": "sha1-Br56vvlHo/FKMP1hBnHUAbyot7Y="
        },
        "cryptiles": {
          "version": "https://registry.npmjs.org/cryptiles/-/cryptiles-2.0.5.tgz",
          "integrity": "sha1-O9/s3GCBR8HGcgL6KR59ylnqo7g="
        },
        "crypto-random-string": {
          "version": "https://registry.npmjs.org/crypto-random-string/-/crypto-random-string-1.0.0.tgz",
          "integrity": "sha1-ojD2T1aDEOFJgAmUB5DsmVRbyn4="
        },
        "dashdash": {
          "version": "https://registry.npmjs.org/dashdash/-/dashdash-1.14.1.tgz",
          "integrity": "sha1-hTz6D3y+L+1d4gMmuN1YEDX24vA=",
          "dependencies": {
            "assert-plus": {
              "version": "https://registry.npmjs.org/assert-plus/-/assert-plus-1.0.0.tgz",
              "integrity": "sha1-8S4PPF13sLHN2RRpQuTpbB5N1SU="
            }
          }
        },
        "delayed-stream": {
          "version": "https://registry.npmjs.org/delayed-stream/-/delayed-stream-1.0.0.tgz",
          "integrity": "sha1-3zrhmayt+31ECqrgsp4icrJOxhk="
        },
        "dot-prop": {
          "version": "https://registry.npmjs.org/dot-prop/-/dot-prop-4.2.0.tgz",
          "integrity": "sha1-HxngwuGqDjJ5fEl5nyg3rGr2nFc="
        },
        "duplexify": {
          "version": "https://registry.npmjs.org/duplexify/-/duplexify-3.5.1.tgz",
          "integrity": "sha1-ThUWvmiDi8kKSZlPCzmm5ZYL780="
        },
        "ecc-jsbn": {
          "version": "https://registry.npmjs.org/ecc-jsbn/-/ecc-jsbn-0.1.1.tgz",
          "integrity": "sha1-D8c6ntXw1Tw4GTOYUj735UN3dQU=",
          "optional": true
        },
        "ecdsa-sig-formatter": {
          "version": "https://registry.npmjs.org/ecdsa-sig-formatter/-/ecdsa-sig-formatter-1.0.9.tgz",
          "integrity": "sha1-S8kmJ07Dtau1AW5+HWCSGsJisqE="
        },
        "end-of-stream": {
          "version": "https://registry.npmjs.org/end-of-stream/-/end-of-stream-1.4.0.tgz",
          "integrity": "sha1-epDYM+/abPpurA9JSduw+tOmMgY="
        },
        "ent": {
          "version": "https://registry.npmjs.org/ent/-/ent-2.2.0.tgz",
          "integrity": "sha1-6WQhkyWiHQX0RGai9obtbOX13R0="
        },
        "extend": {
          "version": "https://registry.npmjs.org/extend/-/extend-3.0.1.tgz",
          "integrity": "sha1-p1Xqe8Gt/MWjHOfnYtuq3F5jZEQ="
        },
        "extsprintf": {
          "version": "https://registry.npmjs.org/extsprintf/-/extsprintf-1.3.0.tgz",
          "integrity": "sha1-lpGEQOMEGnpBT4xS48V06zw+HgU="
        },
        "faye-websocket": {
          "version": "https://registry.npmjs.org/faye-websocket/-/faye-websocket-0.9.3.tgz",
          "integrity": "sha1-SCpQWw3wrmJrlphm0710DNuWLoM="
        },
        "forever-agent": {
          "version": "https://registry.npmjs.org/forever-agent/-/forever-agent-0.6.1.tgz",
          "integrity": "sha1-+8cfDEGt6zf5bFd60e1C2P2sypE="
        },
        "form-data": {
          "version": "https://registry.npmjs.org/form-data/-/form-data-2.1.4.tgz",
          "integrity": "sha1-M8GDrPGTJ27KqYFDpp6Uv+4XUNE="
        },
        "gcp-metadata": {
          "version": "https://registry.npmjs.org/gcp-metadata/-/gcp-metadata-0.2.0.tgz",
          "integrity": "sha1-Ytr8pl86YxvIzi7Dt3Zh9fk4ego="
        },
        "gcs-resumable-upload": {
          "version": "https://registry.npmjs.org/gcs-resumable-upload/-/gcs-resumable-upload-0.8.1.tgz",
          "integrity": "sha1-u56337rMjXfyE2uZZh5pMFj6O+M="
        },
        "getpass": {
          "version": "https://registry.npmjs.org/getpass/-/getpass-0.1.7.tgz",
          "integrity": "sha1-Xv+OPmhNVprkyysSgmBOi6YhSfo=",
          "dependencies": {
            "assert-plus": {
              "version": "https://registry.npmjs.org/assert-plus/-/assert-plus-1.0.0.tgz",
              "integrity": "sha1-8S4PPF13sLHN2RRpQuTpbB5N1SU="
            }
          }
        },
        "google-auth-library": {
          "version": "https://registry.npmjs.org/google-auth-library/-/google-auth-library-0.10.0.tgz",
          "integrity": "sha1-bhW6vuhf0d0U2NEoopW2g41SE24="
        },
        "google-auto-auth": {
          "version": "https://registry.npmjs.org/google-auto-auth/-/google-auto-auth-0.7.1.tgz",
          "integrity": "sha1-yCYERJEt2M7szYOHYdVvRik3vQI="
        },
        "google-p12-pem": {
          "version": "https://registry.npmjs.org/google-p12-pem/-/google-p12-pem-0.1.2.tgz",
          "integrity": "sha1-M8RqsCGqc0+gMys5YKmj/8svMXc="
        },
        "graceful-fs": {
          "version": "https://registry.npmjs.org/graceful-fs/-/graceful-fs-4.1.11.tgz",
          "integrity": "sha1-Dovf5NHduIVNZOBOp8AOKgJuVlg="
        },
        "gtoken": {
          "version": "https://registry.npmjs.org/gtoken/-/gtoken-1.2.2.tgz",
          "integrity": "sha1-Fyd2oanZasCfwioA9b6DzubeiCA="
        },
        "har-schema": {
          "version": "https://registry.npmjs.org/har-schema/-/har-schema-1.0.5.tgz",
          "integrity": "sha1-0mMTX0MwfALGAq/I/pWXDAFRNp4="
        },
        "har-validator": {
          "version": "https://registry.npmjs.org/har-validator/-/har-validator-4.2.1.tgz",
          "integrity": "sha1-M0gdDxu/9gDdID11gSpqX7oALio="
        },
        "hash-stream-validation": {
          "version": "https://registry.npmjs.org/hash-stream-validation/-/hash-stream-validation-0.2.1.tgz",
          "integrity": "sha1-7Mm5l7IYvluzEphii7gHhptz3NE="
        },
        "hawk": {
          "version": "https://registry.npmjs.org/hawk/-/hawk-3.1.3.tgz",
          "integrity": "sha1-B4REvXwWQLD+VA0sm3PVlnjo4cQ="
        },
        "hoek": {
          "version": "https://registry.npmjs.org/hoek/-/hoek-2.16.3.tgz",
          "integrity": "sha1-ILt0A9POo5jpHcRxCo/xuCdKJe0="
        },
        "http-signature": {
          "version": "https://registry.npmjs.org/http-signature/-/http-signature-1.1.1.tgz",
          "integrity": "sha1-33LiZwZs0Kxn+3at+OE0qPvPkb8="
        },
        "imurmurhash": {
          "version": "https://registry.npmjs.org/imurmurhash/-/imurmurhash-0.1.4.tgz",
          "integrity": "sha1-khi5srkoojixPcT7a21XbyMUU+o="
        },
        "inherits": {
          "version": "https://registry.npmjs.org/inherits/-/inherits-2.0.3.tgz",
          "integrity": "sha1-Yzwsg+PaQqUC9SRmAiSA9CCCYd4="
        },
        "is": {
          "version": "https://registry.npmjs.org/is/-/is-3.2.1.tgz",
          "integrity": "sha1-0Kwq1V63sL7JJqUmb2xmKqqD3KU="
        },
        "is-obj": {
          "version": "https://registry.npmjs.org/is-obj/-/is-obj-1.0.1.tgz",
          "integrity": "sha1-PkcprB9f3gJc19g6iW2rn09n2w8="
        },
        "is-stream-ended": {
          "version": "https://registry.npmjs.org/is-stream-ended/-/is-stream-ended-0.1.3.tgz",
          "integrity": "sha1-oEc7Jnx1ZjVIa+7cfjNE5UnRUqw="
        },
        "is-typedarray": {
          "version": "https://registry.npmjs.org/is-typedarray/-/is-typedarray-1.0.0.tgz",
          "integrity": "sha1-5HnICFjfDBsR3dppQPlgEfzaSpo="
        },
        "isarray": {
          "version": "https://registry.npmjs.org/isarray/-/isarray-1.0.0.tgz",
          "integrity": "sha1-u5NdSFgsuhaMBoNJV6VKPgcSTxE="
        },
        "isemail": {
          "version": "https://registry.npmjs.org/isemail/-/isemail-1.2.0.tgz",
          "integrity": "sha1-vgPfjMPineTSxd9lASY/H6RZXpo="
        },
        "isstream": {
          "version": "https://registry.npmjs.org/isstream/-/isstream-0.1.2.tgz",
          "integrity": "sha1-R+Y/evVa+m+S4VAOaQ64uFKcCZo="
        },
        "joi": {
          "version": "https://registry.npmjs.org/joi/-/joi-6.10.1.tgz",
          "integrity": "sha1-TVDDGAeRIgAP5fFq8f+OGRe3fgY="
        },
        "jsbn": {
          "version": "https://registry.npmjs.org/jsbn/-/jsbn-0.1.1.tgz",
          "integrity": "sha1-peZUwuWi3rXyAdls77yoDA7y9RM=",
          "optional": true
        },
        "json-schema": {
          "version": "https://registry.npmjs.org/json-schema/-/json-schema-0.2.3.tgz",
          "integrity": "sha1-tIDIkuWaLwWVTOcnvT8qTogvnhM="
        },
        "json-stable-stringify": {
          "version": "https://registry.npmjs.org/json-stable-stringify/-/json-stable-stringify-1.0.1.tgz",
          "integrity": "sha1-mnWdOcXy/1A/1TAGRu1EX4jE+a8="
        },
        "json-stringify-safe": {
          "version": "https://registry.npmjs.org/json-stringify-safe/-/json-stringify-safe-5.0.1.tgz",
          "integrity": "sha1-Epai1Y/UXxmg9s4B1lcB4sc1tus="
        },
        "jsonify": {
          "version": "https://registry.npmjs.org/jsonify/-/jsonify-0.0.0.tgz",
          "integrity": "sha1-LHS27kHZPKUbe1qu6PUDYx0lKnM="
        },
        "jsonwebtoken": {
          "version": "https://registry.npmjs.org/jsonwebtoken/-/jsonwebtoken-7.1.9.tgz",
          "integrity": "sha1-hHgE5SWL7FqUmajcSl56O64I1Yo="
        },
        "jsprim": {
          "version": "https://registry.npmjs.org/jsprim/-/jsprim-1.4.1.tgz",
          "integrity": "sha1-MT5mvB5cwG5Di8G3SZwuXFastqI=",
          "dependencies": {
            "assert-plus": {
              "version": "https://registry.npmjs.org/assert-plus/-/assert-plus-1.0.0.tgz",
              "integrity": "sha1-8S4PPF13sLHN2RRpQuTpbB5N1SU="
            }
          }
        },
        "jwa": {
          "version": "https://registry.npmjs.org/jwa/-/jwa-1.1.5.tgz",
          "integrity": "sha1-oFUs4CIHQs1S4VN3SjKQXDDnVuU="
        },
        "jws": {
          "version": "https://registry.npmjs.org/jws/-/jws-3.1.4.tgz",
          "integrity": "sha1-+ei5M46KhHJ31kRLFGT2GIDgUKI="
        },
        "lodash": {
          "version": "https://registry.npmjs.org/lodash/-/lodash-4.17.4.tgz",
          "integrity": "sha1-eCA6TRwyiuHYbcpkYONptX9AVa4="
        },
        "lodash.noop": {
          "version": "https://registry.npmjs.org/lodash.noop/-/lodash.noop-3.0.1.tgz",
          "integrity": "sha1-OBiPTWUKOkdCWEObluxFsyYXEzw="
        },
        "lodash.once": {
          "version": "https://registry.npmjs.org/lodash.once/-/lodash.once-4.1.1.tgz",
          "integrity": "sha1-DdOXEhPHxW34gJd9UEyI+0cal6w="
        },
        "log-driver": {
          "version": "https://registry.npmjs.org/log-driver/-/log-driver-1.2.5.tgz",
          "integrity": "sha1-euTsJXMC/XkNVXyxDJcQDYV7AFY="
        },
        "make-dir": {
          "version": "https://registry.npmjs.org/make-dir/-/make-dir-1.0.0.tgz",
          "integrity": "sha1-l6ARdR6R3YfPre9Ygy67BJNt6Xg="
        },
        "methmeth": {
          "version": "https://registry.npmjs.org/methmeth/-/methmeth-1.1.0.tgz",
          "integrity": "sha1-6AomYY5S9cQiKGG7dIUQvRDikIk="
        },
        "mime": {
          "version": "https://registry.npmjs.org/mime/-/mime-1.3.6.tgz",
          "integrity": "sha1-WR2E02U6awtKO5343lqoEI5y5eA="
        },
        "mime-db": {
          "version": "https://registry.npmjs.org/mime-db/-/mime-db-1.29.0.tgz",
          "integrity": "sha1-SNJtI1WJZRcErFkWygYAGRQmaHg="
        },
        "mime-types": {
          "version": "https://registry.npmjs.org/mime-types/-/mime-types-2.1.16.tgz",
          "integrity": "sha1-K4WKUuXs1RbbiXrCvodIeDBpjiM="
        },
        "modelo": {
          "version": "https://registry.npmjs.org/modelo/-/modelo-4.2.0.tgz",
          "integrity": "sha1-O0tCACOmbKfjK9uhbnEJN+FNGws="
        },
        "moment": {
          "version": "https://registry.npmjs.org/moment/-/moment-2.18.1.tgz",
          "integrity": "sha1-w2GT3Tzhwu7SrbfIAtu8d6gbHA8="
        },
        "ms": {
          "version": "https://registry.npmjs.org/ms/-/ms-0.7.3.tgz",
          "integrity": "sha1-cIFVpeROM/X9D8U+gdDUCpG+H/8="
        },
        "node-forge": {
          "version": "https://registry.npmjs.org/node-forge/-/node-forge-0.7.1.tgz",
          "integrity": "sha1-naYR6giYL0uUIGs760zJZl8gwwA="
        },
        "oauth-sign": {
          "version": "https://registry.npmjs.org/oauth-sign/-/oauth-sign-0.8.2.tgz",
          "integrity": "sha1-Rqarfwrq2N6unsBWV4C31O/rnUM="
        },
        "once": {
          "version": "https://registry.npmjs.org/once/-/once-1.4.0.tgz",
          "integrity": "sha1-WDsap3WWHUsROsF9nFC6753Xa9E="
        },
        "performance-now": {
          "version": "https://registry.npmjs.org/performance-now/-/performance-now-0.2.0.tgz",
          "integrity": "sha1-M+8wxcd9TqIcWlOGnZG1bY8lVeU="
        },
        "pify": {
          "version": "https://registry.npmjs.org/pify/-/pify-2.3.0.tgz",
          "integrity": "sha1-7RQaasBDqEnqWISY59yosVMw6Qw="
        },
        "process-nextick-args": {
          "version": "https://registry.npmjs.org/process-nextick-args/-/process-nextick-args-1.0.7.tgz",
          "integrity": "sha1-FQ4gt1ZZCtP5EJPyWk8q2L/zC6M="
        },
        "pump": {
          "version": "https://registry.npmjs.org/pump/-/pump-1.0.2.tgz",
          "integrity": "sha1-Oz7mUS+U8OV1U4wXmV+fFpkKXVE="
        },
        "pumpify": {
          "version": "https://registry.npmjs.org/pumpify/-/pumpify-1.3.5.tgz",
          "integrity": "sha1-G2ccYZlAq8rqwK0OOjwWS+dgmTs="
        },
        "punycode": {
          "version": "https://registry.npmjs.org/punycode/-/punycode-1.4.1.tgz",
          "integrity": "sha1-wNWmOycYgArY4esPpSachN1BhF4="
        },
        "qs": {
          "version": "https://registry.npmjs.org/qs/-/qs-6.4.0.tgz",
          "integrity": "sha1-E+JtKK1rD/qpExLNO/cI7TUecjM="
        },
        "readable-stream": {
          "version": "https://registry.npmjs.org/readable-stream/-/readable-stream-2.3.3.tgz",
          "integrity": "sha1-No8lEtefnUb9/HE0mueHi7weuVw="
        },
        "request": {
          "version": "https://registry.npmjs.org/request/-/request-2.81.0.tgz",
          "integrity": "sha1-xpKJRqDgbF+Nb4qTM0af/aRimKA="
        },
        "retry-request": {
          "version": "https://registry.npmjs.org/retry-request/-/retry-request-2.0.5.tgz",
          "integrity": "sha1-0ImhShXbntYGhbhgK0D03MDT+zw="
        },
        "safe-buffer": {
          "version": "https://registry.npmjs.org/safe-buffer/-/safe-buffer-5.1.1.tgz",
          "integrity": "sha1-iTMSr2myEj3vcfV4iQAWce6yyFM="
        },
        "slide": {
          "version": "https://registry.npmjs.org/slide/-/slide-1.1.6.tgz",
          "integrity": "sha1-VusCfWW00tzmyy4tMsTUr8nh1wc="
        },
        "sntp": {
          "version": "https://registry.npmjs.org/sntp/-/sntp-1.0.9.tgz",
          "integrity": "sha1-ZUEYTMkK7qbG57NeJlkIJEPGYZg="
        },
        "split-array-stream": {
          "version": "https://registry.npmjs.org/split-array-stream/-/split-array-stream-1.0.3.tgz",
          "integrity": "sha1-0rdajl4Ngk1S/eyLgiWDncLjXfo="
        },
        "sshpk": {
          "version": "https://registry.npmjs.org/sshpk/-/sshpk-1.13.1.tgz",
          "integrity": "sha1-US322mKHFEMW3EwY/hzx2UBzm+M=",
          "dependencies": {
            "assert-plus": {
              "version": "https://registry.npmjs.org/assert-plus/-/assert-plus-1.0.0.tgz",
              "integrity": "sha1-8S4PPF13sLHN2RRpQuTpbB5N1SU="
            }
          }
        },
        "stream-events": {
          "version": "https://registry.npmjs.org/stream-events/-/stream-events-1.0.2.tgz",
          "integrity": "sha1-q/OfZsCJCk63lbyNXoWbJhW1kLI="
        },
        "stream-shift": {
          "version": "https://registry.npmjs.org/stream-shift/-/stream-shift-1.0.0.tgz",
          "integrity": "sha1-1cdSgl5TZ+eG944Y5EXqIjoVWVI="
        },
        "string_decoder": {
          "version": "https://registry.npmjs.org/string_decoder/-/string_decoder-1.0.3.tgz",
          "integrity": "sha1-D8Z9fBQYJd6UKC3VNr7GubzoYKs="
        },
        "string-format-obj": {
          "version": "https://registry.npmjs.org/string-format-obj/-/string-format-obj-1.1.0.tgz",
          "integrity": "sha1-djVhCx7zlwE+hHi+mKFw4EmD0Gg="
        },
        "stringstream": {
          "version": "https://registry.npmjs.org/stringstream/-/stringstream-0.0.5.tgz",
          "integrity": "sha1-TkhM1N5aC7vuGORjB3EKioFiGHg="
        },
        "stubs": {
          "version": "https://registry.npmjs.org/stubs/-/stubs-3.0.0.tgz",
          "integrity": "sha1-6NK6H6nJBXAwPAMLaQD31fiavls="
        },
        "through2": {
          "version": "https://registry.npmjs.org/through2/-/through2-2.0.3.tgz",
          "integrity": "sha1-AARWmzfHx0ujnEPzzteNGtlBQL4="
        },
        "topo": {
          "version": "https://registry.npmjs.org/topo/-/topo-1.1.0.tgz",
          "integrity": "sha1-6ddRYV0buH3IZdsYL6HKCl71NtU="
        },
        "tough-cookie": {
          "version": "https://registry.npmjs.org/tough-cookie/-/tough-cookie-2.3.2.tgz",
          "integrity": "sha1-8IH3bkyFcg5sN6X6ztc3FQ2EByo="
        },
        "tunnel-agent": {
          "version": "https://registry.npmjs.org/tunnel-agent/-/tunnel-agent-0.6.0.tgz",
          "integrity": "sha1-J6XeoGs2sEoKmWZ3SykIaPD8QP0="
        },
        "tweetnacl": {
          "version": "https://registry.npmjs.org/tweetnacl/-/tweetnacl-0.14.5.tgz",
          "integrity": "sha1-WuaBd/GS1EViadEIr6k/+HQ/T2Q=",
          "optional": true
        },
        "typedarray": {
          "version": "https://registry.npmjs.org/typedarray/-/typedarray-0.0.6.tgz",
          "integrity": "sha1-hnrHTjhkGHsdPUfZlqeOxciDB3c="
        },
        "unique-string": {
          "version": "https://registry.npmjs.org/unique-string/-/unique-string-1.0.0.tgz",
          "integrity": "sha1-nhBXzKhRq7kzmPizOuGHuZyuwRo="
        },
        "util-deprecate": {
          "version": "https://registry.npmjs.org/util-deprecate/-/util-deprecate-1.0.2.tgz",
          "integrity": "sha1-RQ1Nyfpw3nMnYvvS1KKJgUGaDM8="
        },
        "uuid": {
          "version": "https://registry.npmjs.org/uuid/-/uuid-3.1.0.tgz",
          "integrity": "sha1-PdPT55Crwk17DToDT/q6vijrvAQ="
        },
        "verror": {
          "version": "https://registry.npmjs.org/verror/-/verror-1.10.0.tgz",
          "integrity": "sha1-OhBcoXBTr1XW4nDB+CiGguGNpAA=",
          "dependencies": {
            "assert-plus": {
              "version": "https://registry.npmjs.org/assert-plus/-/assert-plus-1.0.0.tgz",
              "integrity": "sha1-8S4PPF13sLHN2RRpQuTpbB5N1SU="
            }
          }
        },
        "websocket-driver": {
          "version": "https://registry.npmjs.org/websocket-driver/-/websocket-driver-0.6.5.tgz",
          "integrity": "sha1-XLJVbOuF9Dc8bYI4qmkchFThOjY="
        },
        "websocket-extensions": {
          "version": "https://registry.npmjs.org/websocket-extensions/-/websocket-extensions-0.1.1.tgz",
          "integrity": "sha1-domUmcGEtu91Q3fC27DNbLVdKec="
        },
        "wrappy": {
          "version": "https://registry.npmjs.org/wrappy/-/wrappy-1.0.2.tgz",
          "integrity": "sha1-tSQ9jz7BqjXxNkYFvA0QNuMKtp8="
        },
        "write-file-atomic": {
          "version": "https://registry.npmjs.org/write-file-atomic/-/write-file-atomic-2.1.0.tgz",
          "integrity": "sha1-F2n0tVHu3OQZ8FBd6uLiZ2NULTc="
        },
        "xdg-basedir": {
          "version": "https://registry.npmjs.org/xdg-basedir/-/xdg-basedir-3.0.0.tgz",
          "integrity": "sha1-SWsswQnsqNus/i3HK2A8F8WHCtQ="
        },
        "xtend": {
          "version": "https://registry.npmjs.org/xtend/-/xtend-4.0.1.tgz",
          "integrity": "sha1-pcbVMr5lbiPbgg77lDofBJmNY68="
        }
      }
    },
    "firebase-functions": {
      "version": "0.6.3",
      "resolved": "https://registry.npmjs.org/firebase-functions/-/firebase-functions-0.6.3.tgz",
      "integrity": "sha1-K403tjgzlfWRl0uvls1pLsQpvYU="
    },
    "forwarded": {
      "version": "0.1.0",
      "resolved": "https://registry.npmjs.org/forwarded/-/forwarded-0.1.0.tgz",
      "integrity": "sha1-Ge+YdMSuHCl7zweP3mOgm2aoQ2M="
    },
    "fresh": {
      "version": "0.5.0",
      "resolved": "https://registry.npmjs.org/fresh/-/fresh-0.5.0.tgz",
      "integrity": "sha1-9HTKXmqSRtb9jglTz6m5yAWvp44="
    },
    "geolib": {
      "version": "2.0.23",
      "resolved": "https://registry.npmjs.org/geolib/-/geolib-2.0.23.tgz",
      "integrity": "sha512-ndUldu0XPPVyG3YbkcLKgcMK77L+HrVTGReU38d16F696mFh65Ob8wC0v+K9N/PfU6TVOQ0d2aFIhUtdrXCAKA=="
    },
    "hoek": {
      "version": "2.16.3",
      "resolved": "https://registry.npmjs.org/hoek/-/hoek-2.16.3.tgz",
      "integrity": "sha1-ILt0A9POo5jpHcRxCo/xuCdKJe0="
    },
    "http-errors": {
      "version": "1.6.2",
      "resolved": "https://registry.npmjs.org/http-errors/-/http-errors-1.6.2.tgz",
      "integrity": "sha1-CgAsyFcHGSp+eUbO7cERVfYOxzY="
    },
    "inherits": {
      "version": "2.0.3",
      "resolved": "https://registry.npmjs.org/inherits/-/inherits-2.0.3.tgz",
      "integrity": "sha1-Yzwsg+PaQqUC9SRmAiSA9CCCYd4="
    },
    "ipaddr.js": {
      "version": "1.4.0",
      "resolved": "https://registry.npmjs.org/ipaddr.js/-/ipaddr.js-1.4.0.tgz",
      "integrity": "sha1-KWrKh4qCGBbluF0KKFqZvP9FgvA="
    },
    "isemail": {
      "version": "1.2.0",
      "resolved": "https://registry.npmjs.org/isemail/-/isemail-1.2.0.tgz",
      "integrity": "sha1-vgPfjMPineTSxd9lASY/H6RZXpo="
    },
    "joi": {
      "version": "6.10.1",
      "resolved": "https://registry.npmjs.org/joi/-/joi-6.10.1.tgz",
      "integrity": "sha1-TVDDGAeRIgAP5fFq8f+OGRe3fgY="
    },
    "jsonwebtoken": {
      "version": "7.4.3",
      "resolved": "https://registry.npmjs.org/jsonwebtoken/-/jsonwebtoken-7.4.3.tgz",
      "integrity": "sha1-d/UCHeBYtgWheD+hKD6ZgS5kVjg="
    },
    "jwa": {
      "version": "1.1.5",
      "resolved": "https://registry.npmjs.org/jwa/-/jwa-1.1.5.tgz",
      "integrity": "sha1-oFUs4CIHQs1S4VN3SjKQXDDnVuU="
    },
    "jws": {
      "version": "3.1.4",
      "resolved": "https://registry.npmjs.org/jws/-/jws-3.1.4.tgz",
      "integrity": "sha1-+ei5M46KhHJ31kRLFGT2GIDgUKI="
    },
    "lodash": {
      "version": "4.17.4",
      "resolved": "https://registry.npmjs.org/lodash/-/lodash-4.17.4.tgz",
      "integrity": "sha1-eCA6TRwyiuHYbcpkYONptX9AVa4="
    },
    "lodash.once": {
      "version": "4.1.1",
      "resolved": "https://registry.npmjs.org/lodash.once/-/lodash.once-4.1.1.tgz",
      "integrity": "sha1-DdOXEhPHxW34gJd9UEyI+0cal6w="
    },
    "media-typer": {
      "version": "0.3.0",
      "resolved": "https://registry.npmjs.org/media-typer/-/media-typer-0.3.0.tgz",
      "integrity": "sha1-hxDXrwqmJvj/+hzgAWhUUmMlV0g="
    },
    "merge-descriptors": {
      "version": "1.0.1",
      "resolved": "https://registry.npmjs.org/merge-descriptors/-/merge-descriptors-1.0.1.tgz",
      "integrity": "sha1-sAqqVW3YtEVoFQ7J0blT8/kMu2E="
    },
    "methods": {
      "version": "1.1.2",
      "resolved": "https://registry.npmjs.org/methods/-/methods-1.1.2.tgz",
      "integrity": "sha1-VSmk1nZUE07cxSZmVoNbD4Ua/O4="
    },
    "mime": {
      "version": "1.3.4",
      "resolved": "https://registry.npmjs.org/mime/-/mime-1.3.4.tgz",
      "integrity": "sha1-EV+eO2s9rylZmDyzjxSaLUDrXVM="
    },
    "mime-db": {
      "version": "1.30.0",
      "resolved": "https://registry.npmjs.org/mime-db/-/mime-db-1.30.0.tgz",
      "integrity": "sha1-dMZD2i3Z1qRTmZY0ZbJtXKfXHwE="
    },
    "mime-types": {
      "version": "2.1.17",
      "resolved": "https://registry.npmjs.org/mime-types/-/mime-types-2.1.17.tgz",
      "integrity": "sha1-Cdejk/A+mVp5+K+Fe3Cp4KsWVXo="
    },
    "moment": {
      "version": "2.18.1",
      "resolved": "https://registry.npmjs.org/moment/-/moment-2.18.1.tgz",
      "integrity": "sha1-w2GT3Tzhwu7SrbfIAtu8d6gbHA8="
    },
    "ms": {
      "version": "2.0.0",
      "resolved": "https://registry.npmjs.org/ms/-/ms-2.0.0.tgz",
      "integrity": "sha1-VgiurfwAvmwpAd9fmGF4jeDVl8g="
    },
    "negotiator": {
      "version": "0.6.1",
      "resolved": "https://registry.npmjs.org/negotiator/-/negotiator-0.6.1.tgz",
      "integrity": "sha1-KzJxhOiZIQEXeyhWP7XnECrNDKk="
    },
    "object-assign": {
      "version": "4.1.1",
      "resolved": "https://registry.npmjs.org/object-assign/-/object-assign-4.1.1.tgz",
      "integrity": "sha1-IQmtx5ZYh8/AXLvUQsrIv7s2CGM="
    },
    "on-finished": {
      "version": "2.3.0",
      "resolved": "https://registry.npmjs.org/on-finished/-/on-finished-2.3.0.tgz",
      "integrity": "sha1-IPEzZIGwg811M3mSoWlxqi2QaUc="
    },
    "parseurl": {
      "version": "1.3.1",
      "resolved": "https://registry.npmjs.org/parseurl/-/parseurl-1.3.1.tgz",
      "integrity": "sha1-yKuMkiO6NIiKpkopeyiFO+wY2lY="
    },
    "path-to-regexp": {
      "version": "0.1.7",
      "resolved": "https://registry.npmjs.org/path-to-regexp/-/path-to-regexp-0.1.7.tgz",
      "integrity": "sha1-32BBeABfUi8V60SQ5yR6G/qmf4w="
    },
    "proxy-addr": {
      "version": "1.1.5",
      "resolved": "https://registry.npmjs.org/proxy-addr/-/proxy-addr-1.1.5.tgz",
      "integrity": "sha1-ccDuOxAt4/IC87ZPYI0XP8uhqRg="
    },
    "qs": {
      "version": "6.5.0",
      "resolved": "https://registry.npmjs.org/qs/-/qs-6.5.0.tgz",
      "integrity": "sha512-fjVFjW9yhqMhVGwRExCXLhJKrLlkYSaxNWdyc9rmHlrVZbk35YHH312dFd7191uQeXkI3mKLZTIbSvIeFwFemg=="
    },
    "range-parser": {
      "version": "1.2.0",
      "resolved": "https://registry.npmjs.org/range-parser/-/range-parser-1.2.0.tgz",
      "integrity": "sha1-9JvmtIeJTdxA3MlKMi9hEJLgDV4="
    },
    "safe-buffer": {
      "version": "5.1.1",
      "resolved": "https://registry.npmjs.org/safe-buffer/-/safe-buffer-5.1.1.tgz",
      "integrity": "sha512-kKvNJn6Mm93gAczWVJg7wH+wGYWNrDHdWvpUmHyEsgCtIwwo3bqPtV4tR5tuPaUhTOo/kvhVwd8XwwOllGYkbg=="
    },
    "send": {
      "version": "0.15.4",
      "resolved": "https://registry.npmjs.org/send/-/send-0.15.4.tgz",
      "integrity": "sha1-mF+qPihLAnPHkzZKNcZze9k5Bbk="
    },
    "serve-static": {
      "version": "1.12.4",
      "resolved": "https://registry.npmjs.org/serve-static/-/serve-static-1.12.4.tgz",
      "integrity": "sha1-m2qpjutyU8Tu3Ewfb9vKYJkBqWE="
    },
    "setprototypeof": {
      "version": "1.0.3",
      "resolved": "https://registry.npmjs.org/setprototypeof/-/setprototypeof-1.0.3.tgz",
      "integrity": "sha1-ZlZ+NwQ+608E2RvWWMDL77VbjgQ="
    },
    "sha1": {
      "version": "1.1.1",
      "resolved": "https://registry.npmjs.org/sha1/-/sha1-1.1.1.tgz",
      "integrity": "sha1-rdqnqTFo85PxnrKxUJFhjicA+Eg="
    },
    "statuses": {
      "version": "1.3.1",
      "resolved": "https://registry.npmjs.org/statuses/-/statuses-1.3.1.tgz",
      "integrity": "sha1-+vUbnrdKrvOzrPStX2Gr8ky3uT4="
    },
    "topo": {
      "version": "1.1.0",
      "resolved": "https://registry.npmjs.org/topo/-/topo-1.1.0.tgz",
      "integrity": "sha1-6ddRYV0buH3IZdsYL6HKCl71NtU="
    },
    "type-is": {
      "version": "1.6.15",
      "resolved": "https://registry.npmjs.org/type-is/-/type-is-1.6.15.tgz",
      "integrity": "sha1-yrEPtJCeRByChC6v4a1kbIGARBA="
    },
    "unpipe": {
      "version": "1.0.0",
      "resolved": "https://registry.npmjs.org/unpipe/-/unpipe-1.0.0.tgz",
      "integrity": "sha1-sr9O6FFKrmFltIF4KdIbLvSZBOw="
    },
    "utils-merge": {
      "version": "1.0.0",
      "resolved": "https://registry.npmjs.org/utils-merge/-/utils-merge-1.0.0.tgz",
      "integrity": "sha1-ApT7kiu5N1FTVBxPcJYjHyh8ivg="
    },
    "vary": {
      "version": "1.1.1",
      "resolved": "https://registry.npmjs.org/vary/-/vary-1.1.1.tgz",
      "integrity": "sha1-Z1Neu2lMHVIldFeYRmUyP1h+jTc="
    },
    "xtend": {
      "version": "4.0.1",
      "resolved": "https://registry.npmjs.org/xtend/-/xtend-4.0.1.tgz",
      "integrity": "sha1-pcbVMr5lbiPbgg77lDofBJmNY68="
    }
  }
}
